<?xml version="1.0" encoding="utf-8"?>
<Project ToolsVersion="4.0" xmlns="http://schemas.microsoft.com/developer/msbuild/2003">
  <ItemGroup>
    <ClCompile Include="GameTest.cpp" />
    <ClCompile Include="App\app.cpp">
      <Filter>API</Filter>
    </ClCompile>
    <ClCompile Include="App\main.cpp">
      <Filter>API</Filter>
    </ClCompile>
    <ClCompile Include="stdafx.cpp">
      <Filter>API</Filter>
    </ClCompile>
    <ClCompile Include="App\SimpleSprite.cpp">
      <Filter>API</Filter>
    </ClCompile>
    <ClCompile Include="App\SimpleSound.cpp">
      <Filter>API</Filter>
    </ClCompile>
    <ClCompile Include="App\SimpleController.cpp">
      <Filter>API</Filter>
    </ClCompile>
    <ClCompile Include="App\TextureLoader.cpp">
      <Filter>API</Filter>
    </ClCompile>
    <ClCompile Include="GameEngine.cpp">
      <Filter>Engine\Souce Files</Filter>
    </ClCompile>
    <ClCompile Include="CRtti.cpp">
      <Filter>Engine\Souce Files</Filter>
    </ClCompile>
    <ClCompile Include="Object.cpp">
      <Filter>Engine\Souce Files</Filter>
    </ClCompile>
    <ClCompile Include="registerClasses.cpp">
      <Filter>Engine\Souce Files</Filter>
    </ClCompile>
    <ClCompile Include="GameObject.cpp">
      <Filter>Engine\Souce Files</Filter>
    </ClCompile>
    <ClCompile Include="Asset.cpp">
      <Filter>Engine\Souce Files</Filter>
    </ClCompile>
    <ClCompile Include="GameObjectManager.cpp">
      <Filter>Engine\Souce Files</Filter>
    </ClCompile>
    <ClCompile Include="Component.cpp">
      <Filter>Engine\Souce Files</Filter>
    </ClCompile>
    <ClCompile Include="Transform.cpp">
      <Filter>Engine\Components</Filter>
    </ClCompile>
    <ClCompile Include="ComponentScript.cpp">
      <Filter>Engine\Components</Filter>
    </ClCompile>
    <ClCompile Include="Algo.cpp">
      <Filter>Engine\Math</Filter>
    </ClCompile>
    <ClCompile Include="IRenderable.cpp">
      <Filter>Engine\Souce Files</Filter>
    </ClCompile>
    <ClCompile Include="RenderSystem.cpp">
      <Filter>Engine\Souce Files</Filter>
    </ClCompile>
    <ClCompile Include="Mesh.cpp">
      <Filter>Engine\Components</Filter>
    </ClCompile>
    <ClCompile Include="Camera.cpp">
      <Filter>Engine\Components</Filter>
    </ClCompile>
    <ClCompile Include="Color.cpp">
      <Filter>Engine\Tools</Filter>
    </ClCompile>
    <ClCompile Include="CollisionSystem.cpp">
      <Filter>Engine\Souce Files</Filter>
    </ClCompile>
    <ClCompile Include="Cube.cpp">
      <Filter>Engine\3D Shapes</Filter>
    </ClCompile>
    <ClCompile Include="ColorChanger.cpp">
      <Filter>Game\Scripts</Filter>
    </ClCompile>
    <ClCompile Include="AABB.cpp">
      <Filter>Engine\Tools</Filter>
    </ClCompile>
    <ClCompile Include="SphereCollider.cpp">
      <Filter>Engine\Components\Collision</Filter>
    </ClCompile>
    <ClCompile Include="Collider.cpp">
      <Filter>Engine\Components\Collision</Filter>
    </ClCompile>
    <ClCompile Include="BoxCollider.cpp">
      <Filter>Engine\Components\Collision</Filter>
    </ClCompile>
    <ClCompile Include="MeshCollider.cpp">
      <Filter>Engine\Components\Collision</Filter>
    </ClCompile>
    <ClCompile Include="Box.cpp">
      <Filter>Engine\Tools</Filter>
    </ClCompile>
    <ClCompile Include="Sphere.cpp">
      <Filter>Engine\3D Shapes</Filter>
    </ClCompile>
    <ClCompile Include="CharacterController.cpp">
      <Filter>Game\Scripts</Filter>
    </ClCompile>
    <ClCompile Include="ConstantRotation.cpp">
      <Filter>Game\Scripts</Filter>
    </ClCompile>
    <ClCompile Include="Ray.cpp">
      <Filter>Engine\Tools</Filter>
    </ClCompile>
    <ClCompile Include="Plane.cpp">
      <Filter>Engine\Tools</Filter>
    </ClCompile>
    <ClCompile Include="GameManager.cpp">
      <Filter>Game\Scripts</Filter>
    </ClCompile>
    <ClCompile Include="PhysicsPoint.cpp">
      <Filter>Engine\Components</Filter>
    </ClCompile>
    <ClCompile Include="UIManager.cpp">
      <Filter>Engine\Souce Files</Filter>
    </ClCompile>
    <ClCompile Include="Prism.cpp">
      <Filter>Engine\3D Shapes</Filter>
    </ClCompile>
    <ClCompile Include="PlayerFactory.cpp">
      <Filter>Game\Factories</Filter>
    </ClCompile>
    <ClCompile Include="ProjectileFactory.cpp">
      <Filter>Game\Factories</Filter>
    </ClCompile>
    <ClCompile Include="Projectile.cpp">
      <Filter>Game\Scripts\Projectiles</Filter>
    </ClCompile>
    <ClCompile Include="PlayerProjectile.cpp">
      <Filter>Game\Scripts\Projectiles</Filter>
    </ClCompile>
    <ClCompile Include="EnemyFactory.cpp">
      <Filter>Game\Factories</Filter>
    </ClCompile>
    <ClCompile Include="EnemyController.cpp">
      <Filter>Game\Scripts\Enemies</Filter>
    </ClCompile>
    <ClCompile Include="TurretEnemyController.cpp">
      <Filter>Game\Scripts\Enemies</Filter>
    </ClCompile>
    <ClCompile Include="EnemyProjectile.cpp">
      <Filter>Game\Scripts\Projectiles</Filter>
    </ClCompile>
  </ItemGroup>
  <ItemGroup>
    <ClInclude Include="App\app.h">
      <Filter>API</Filter>
    </ClInclude>
    <ClInclude Include="App\AppSettings.h">
      <Filter>API</Filter>
    </ClInclude>
    <ClInclude Include="App\main.h">
      <Filter>API</Filter>
    </ClInclude>
    <ClInclude Include="targetver.h">
      <Filter>API</Filter>
    </ClInclude>
    <ClInclude Include="stdafx.h">
      <Filter>API</Filter>
    </ClInclude>
    <ClInclude Include="App\SimpleSprite.h">
      <Filter>API</Filter>
    </ClInclude>
    <ClInclude Include="App\SimpleSound.h">
      <Filter>API</Filter>
    </ClInclude>
    <ClInclude Include="App\SimpleController.h">
      <Filter>API</Filter>
    </ClInclude>
    <ClInclude Include="App\TextureLoader.h">
      <Filter>API</Filter>
    </ClInclude>
    <ClInclude Include="GameEngine.h">
      <Filter>Engine\Header Files</Filter>
    </ClInclude>
    <ClInclude Include="Singleton.h">
      <Filter>Engine\Header Files</Filter>
    </ClInclude>
    <ClInclude Include="CRtti.h">
      <Filter>Engine\Header Files</Filter>
    </ClInclude>
    <ClInclude Include="StandardTypes.h">
      <Filter>Engine\Header Files</Filter>
    </ClInclude>
    <ClInclude Include="Object.h">
      <Filter>Engine\Header Files</Filter>
    </ClInclude>
    <ClInclude Include="GameObject.h">
      <Filter>Engine\Header Files</Filter>
    </ClInclude>
    <ClInclude Include="Asset.h">
      <Filter>Engine\Header Files</Filter>
    </ClInclude>
    <ClInclude Include="GameObjectManager.h">
      <Filter>Engine\Header Files</Filter>
    </ClInclude>
    <ClInclude Include="Component.h">
      <Filter>Engine\Header Files</Filter>
    </ClInclude>
    <ClInclude Include="Vector3.h">
      <Filter>Engine\Math</Filter>
    </ClInclude>
    <ClInclude Include="Quaternion.h">
      <Filter>Engine\Math</Filter>
    </ClInclude>
    <ClInclude Include="Vector4.h">
      <Filter>Engine\Math</Filter>
    </ClInclude>
    <ClInclude Include="Transform.h">
      <Filter>Engine\Components</Filter>
    </ClInclude>
    <ClInclude Include="ComponentScript.h">
      <Filter>Engine\Components</Filter>
    </ClInclude>
    <ClInclude Include="Algo.h">
      <Filter>Engine\Math</Filter>
    </ClInclude>
    <ClInclude Include="IRenderable.h">
      <Filter>Engine\Header Files</Filter>
    </ClInclude>
    <ClInclude Include="RenderSystem.h">
      <Filter>Engine\Header Files</Filter>
    </ClInclude>
    <ClInclude Include="Mesh.h">
      <Filter>Engine\Components</Filter>
    </ClInclude>
    <ClInclude Include="Camera.h">
      <Filter>Engine\Components</Filter>
    </ClInclude>
    <ClInclude Include="Mat4.h">
      <Filter>Engine\Math</Filter>
    </ClInclude>
    <ClInclude Include="Color.h">
      <Filter>Engine\Tools</Filter>
    </ClInclude>
    <ClInclude Include="CollisionSystem.h">
      <Filter>Engine\Header Files</Filter>
    </ClInclude>
    <ClInclude Include="Cube.h">
      <Filter>Engine\3D Shapes</Filter>
    </ClInclude>
    <ClInclude Include="ColorChanger.h">
      <Filter>Game\Scripts</Filter>
    </ClInclude>
    <ClInclude Include="AABB.h">
      <Filter>Engine\Tools</Filter>
    </ClInclude>
    <ClInclude Include="SphereCollider.h">
      <Filter>Engine\Components\Collision</Filter>
    </ClInclude>
    <ClInclude Include="Collider.h">
      <Filter>Engine\Components\Collision</Filter>
    </ClInclude>
    <ClInclude Include="BoxCollider.h">
      <Filter>Engine\Components\Collision</Filter>
    </ClInclude>
    <ClInclude Include="MeshCollider.h">
      <Filter>Engine\Components\Collision</Filter>
    </ClInclude>
    <ClInclude Include="Box.h">
      <Filter>Engine\Tools</Filter>
    </ClInclude>
    <ClInclude Include="Sphere.h">
      <Filter>Engine\3D Shapes</Filter>
    </ClInclude>
    <ClInclude Include="CharacterController.h">
      <Filter>Game\Scripts</Filter>
    </ClInclude>
    <ClInclude Include="ConstantRotation.h">
      <Filter>Game\Scripts</Filter>
    </ClInclude>
    <ClInclude Include="Ray.h">
      <Filter>Engine\Tools</Filter>
    </ClInclude>
    <ClInclude Include="Plane.h">
      <Filter>Engine\Tools</Filter>
    </ClInclude>
    <ClInclude Include="GameManager.h">
      <Filter>Game\Scripts</Filter>
    </ClInclude>
    <ClInclude Include="PhysicsPoint.h">
      <Filter>Engine\Components</Filter>
    </ClInclude>
    <ClInclude Include="UIManager.h">
      <Filter>Engine\Header Files</Filter>
    </ClInclude>
    <ClInclude Include="Prism.h">
      <Filter>Engine\3D Shapes</Filter>
    </ClInclude>
    <ClInclude Include="PlayerFactory.h">
      <Filter>Game\Factories</Filter>
    </ClInclude>
    <ClInclude Include="ProjectileFactory.h">
      <Filter>Game\Factories</Filter>
    </ClInclude>
    <ClInclude Include="Projectile.h">
      <Filter>Game\Scripts\Projectiles</Filter>
    </ClInclude>
    <ClInclude Include="PlayerProjectile.h">
      <Filter>Game\Scripts\Projectiles</Filter>
    </ClInclude>
    <ClInclude Include="EnemyFactory.h">
      <Filter>Game\Factories</Filter>
    </ClInclude>
    <ClInclude Include="EnemyController.h">
      <Filter>Game\Scripts\Enemies</Filter>
    </ClInclude>
    <ClInclude Include="TurretEnemyController.h">
      <Filter>Game\Scripts\Enemies</Filter>
    </ClInclude>
    <ClInclude Include="EnemyProjectile.h">
      <Filter>Game\Scripts\Projectiles</Filter>
    </ClInclude>
  </ItemGroup>
  <ItemGroup>
    <Text Include="ReadMe.txt" />
  </ItemGroup>
  <ItemGroup>
    <Filter Include="Engine">
      <UniqueIdentifier>{d982f6b5-6a06-420a-97e0-e93c88fc8fe2}</UniqueIdentifier>
    </Filter>
    <Filter Include="Engine\Header Files">
      <UniqueIdentifier>{92768300-fff3-4bcd-89de-68242cce977d}</UniqueIdentifier>
    </Filter>
    <Filter Include="Engine\Souce Files">
      <UniqueIdentifier>{ee15ff8d-ea31-450e-8baf-5a2e495b4c43}</UniqueIdentifier>
    </Filter>
    <Filter Include="Engine\Components">
      <UniqueIdentifier>{98876917-0950-4dee-8f36-a48494304ab5}</UniqueIdentifier>
    </Filter>
    <Filter Include="API">
      <UniqueIdentifier>{3e1485bf-3449-4966-8760-976ee866544b}</UniqueIdentifier>
    </Filter>
    <Filter Include="Engine\Math">
      <UniqueIdentifier>{18791eb1-a155-4390-b9e2-2db7647cb4e0}</UniqueIdentifier>
    </Filter>
    <Filter Include="Engine\Tools">
      <UniqueIdentifier>{ad40f64c-c674-4348-bb49-1110b169d0f9}</UniqueIdentifier>
    </Filter>
    <Filter Include="Engine\3D Shapes">
      <UniqueIdentifier>{568705ce-ad7a-44a8-bee4-052a9e7db27f}</UniqueIdentifier>
    </Filter>
    <Filter Include="Game">
      <UniqueIdentifier>{0cbbc4f7-a2ad-4170-8a83-5d47aba8b48f}</UniqueIdentifier>
    </Filter>
    <Filter Include="Game\Scripts">
      <UniqueIdentifier>{1b482669-06c2-4c46-8fa0-ad1eab2b56cf}</UniqueIdentifier>
    </Filter>
    <Filter Include="Engine\Components\Collision">
      <UniqueIdentifier>{c2a13a0b-ea83-4555-a531-b5dac97bac2d}</UniqueIdentifier>
    </Filter>
    <Filter Include="Game\Factories">
      <UniqueIdentifier>{afdb4c2e-5785-443e-8c8f-f42d60d3d255}</UniqueIdentifier>
    </Filter>
    <Filter Include="Game\Scripts\Projectiles">
      <UniqueIdentifier>{cc9c9bb8-ef63-437a-ac59-805a46ce8271}</UniqueIdentifier>
    </Filter>
    <Filter Include="Game\Scripts\Enemies">
      <UniqueIdentifier>{b8199b50-74be-4bb3-9a9d-e0c3f4ad4156}</UniqueIdentifier>
    </Filter>
  </ItemGroup>
</Project>